// !$*UTF8*$!
{
	archiveVersion = 1;
	classes = {
	};
	objectVersion = 46;
	objects = {

/* Begin PBXBuildFile section */
		0E7147F71605AD96001FAE25 /* FlickrFetcherPicInPlaceViewController.m in Sources */ = {isa = PBXBuildFile; fileRef = 0E7147F61605AD96001FAE25 /* FlickrFetcherPicInPlaceViewController.m */; };
		0E74610716102A330082DC80 /* Default-568h@2x.png in Resources */ = {isa = PBXBuildFile; fileRef = 0E74610616102A330082DC80 /* Default-568h@2x.png */; };
		0E76091916120F69004BA65C /* VirtualVacation.xcdatamodeld in Sources */ = {isa = PBXBuildFile; fileRef = 0E76091716120F69004BA65C /* VirtualVacation.xcdatamodeld */; };
		0E760932161212B3004BA65C /* VacationHelper.m in Sources */ = {isa = PBXBuildFile; fileRef = 0E760931161212B2004BA65C /* VacationHelper.m */; };
		0E76093516121425004BA65C /* VacationTableViewController.m in Sources */ = {isa = PBXBuildFile; fileRef = 0E76093416121424004BA65C /* VacationTableViewController.m */; };
		0E76093D161219CA004BA65C /* CoreData.framework in Frameworks */ = {isa = PBXBuildFile; fileRef = 0E76093C161219CA004BA65C /* CoreData.framework */; };
		0E76093E161219D3004BA65C /* CoreDataTableViewController.m in Sources */ = {isa = PBXBuildFile; fileRef = 0E76084416116912004BA65C /* CoreDataTableViewController.m */; };
		0E76094116121ECC004BA65C /* VacationPlaceViewController.m in Sources */ = {isa = PBXBuildFile; fileRef = 0E76094016121ECB004BA65C /* VacationPlaceViewController.m */; };
		0E760944161224E0004BA65C /* OptionViewController.m in Sources */ = {isa = PBXBuildFile; fileRef = 0E760943161224DF004BA65C /* OptionViewController.m */; };
		0E7609471612304D004BA65C /* VacationToVisitViewController.m in Sources */ = {isa = PBXBuildFile; fileRef = 0E7609461612304B004BA65C /* VacationToVisitViewController.m */; };
		0E76094A161235E2004BA65C /* Photo+Create.m in Sources */ = {isa = PBXBuildFile; fileRef = 0E760949161235E2004BA65C /* Photo+Create.m */; };
		0E76094D1612374E004BA65C /* Place+Create.m in Sources */ = {isa = PBXBuildFile; fileRef = 0E76094C1612374E004BA65C /* Place+Create.m */; };
		0E760950161238DE004BA65C /* Place.m in Sources */ = {isa = PBXBuildFile; fileRef = 0E76094F161238DD004BA65C /* Place.m */; };
		0E760953161239C0004BA65C /* Photo.m in Sources */ = {isa = PBXBuildFile; fileRef = 0E760952161239C0004BA65C /* Photo.m */; };
		0E970CD816058CB3001BCF99 /* UIKit.framework in Frameworks */ = {isa = PBXBuildFile; fileRef = 0E970CD716058CB3001BCF99 /* UIKit.framework */; };
		0E970CDA16058CB3001BCF99 /* Foundation.framework in Frameworks */ = {isa = PBXBuildFile; fileRef = 0E970CD916058CB3001BCF99 /* Foundation.framework */; };
		0E970CDC16058CB3001BCF99 /* CoreGraphics.framework in Frameworks */ = {isa = PBXBuildFile; fileRef = 0E970CDB16058CB3001BCF99 /* CoreGraphics.framework */; };
		0E970CE216058CB3001BCF99 /* InfoPlist.strings in Resources */ = {isa = PBXBuildFile; fileRef = 0E970CE016058CB3001BCF99 /* InfoPlist.strings */; };
		0E970CE416058CB3001BCF99 /* main.m in Sources */ = {isa = PBXBuildFile; fileRef = 0E970CE316058CB3001BCF99 /* main.m */; };
		0E970CE816058CB3001BCF99 /* FlickrFetcherAppDelegate.m in Sources */ = {isa = PBXBuildFile; fileRef = 0E970CE716058CB3001BCF99 /* FlickrFetcherAppDelegate.m */; };
		0E970CEB16058CB3001BCF99 /* iPhone.storyboard in Resources */ = {isa = PBXBuildFile; fileRef = 0E970CE916058CB3001BCF99 /* iPhone.storyboard */; };
		0E970CEE16058CB3001BCF99 /* iPad.storyboard in Resources */ = {isa = PBXBuildFile; fileRef = 0E970CEC16058CB3001BCF99 /* iPad.storyboard */; };
		0E970CFA16058CEB001BCF99 /* FlickrFetcher.m in Sources */ = {isa = PBXBuildFile; fileRef = 0E970CF916058CEB001BCF99 /* FlickrFetcher.m */; };
		0E970CFD16059524001BCF99 /* FlickrFetcherTopPlacesViewController.m in Sources */ = {isa = PBXBuildFile; fileRef = 0E970CFC16059524001BCF99 /* FlickrFetcherTopPlacesViewController.m */; };
		0EBB641A16097C540074E77A /* FlickrFetcherRecentsViewController.m in Sources */ = {isa = PBXBuildFile; fileRef = 0EBB641916097C540074E77A /* FlickrFetcherRecentsViewController.m */; };
		0EE12567160FA91E005441AA /* ImageCache.m in Sources */ = {isa = PBXBuildFile; fileRef = 0EE12566160FA91E005441AA /* ImageCache.m */; };
		0EE12578160FEED5005441AA /* MapViewController.m in Sources */ = {isa = PBXBuildFile; fileRef = 0EE12577160FEED5005441AA /* MapViewController.m */; };
		0EE1257A160FEF6D005441AA /* MapKit.framework in Frameworks */ = {isa = PBXBuildFile; fileRef = 0EE12579160FEF6D005441AA /* MapKit.framework */; };
		0EE1257C160FEF9F005441AA /* CoreLocation.framework in Frameworks */ = {isa = PBXBuildFile; fileRef = 0EE1257B160FEF9F005441AA /* CoreLocation.framework */; };
		0EE1257F160FEFF5005441AA /* FlickrAnnotation.m in Sources */ = {isa = PBXBuildFile; fileRef = 0EE1257E160FEFF5005441AA /* FlickrAnnotation.m */; };
		0EEDB7BF16063EAB002486EC /* FlickrFetcherPhotoWithZoomingViewController.m in Sources */ = {isa = PBXBuildFile; fileRef = 0EEDB7BE16063EAB002486EC /* FlickrFetcherPhotoWithZoomingViewController.m */; };
		0EEDB7C216064D17002486EC /* Giants.jpg in Resources */ = {isa = PBXBuildFile; fileRef = 0EEDB7C116064D17002486EC /* Giants.jpg */; };
/* End PBXBuildFile section */

/* Begin PBXFileReference section */
		0E7147F51605AD96001FAE25 /* FlickrFetcherPicInPlaceViewController.h */ = {isa = PBXFileReference; fileEncoding = 4; lastKnownFileType = sourcecode.c.h; path = FlickrFetcherPicInPlaceViewController.h; sourceTree = "<group>"; };
		0E7147F61605AD96001FAE25 /* FlickrFetcherPicInPlaceViewController.m */ = {isa = PBXFileReference; fileEncoding = 4; lastKnownFileType = sourcecode.c.objc; path = FlickrFetcherPicInPlaceViewController.m; sourceTree = "<group>"; };
		0E74610616102A330082DC80 /* Default-568h@2x.png */ = {isa = PBXFileReference; lastKnownFileType = image.png; path = "Default-568h@2x.png"; sourceTree = "<group>"; };
		0E76084316116912004BA65C /* CoreDataTableViewController.h */ = {isa = PBXFileReference; lastKnownFileType = sourcecode.c.h; path = CoreDataTableViewController.h; sourceTree = "<group>"; };
		0E76084416116912004BA65C /* CoreDataTableViewController.m */ = {isa = PBXFileReference; lastKnownFileType = sourcecode.c.objc; path = CoreDataTableViewController.m; sourceTree = "<group>"; };
		0E76091816120F69004BA65C /* VirtualVacation.xcdatamodel */ = {isa = PBXFileReference; lastKnownFileType = wrapper.xcdatamodel; path = VirtualVacation.xcdatamodel; sourceTree = "<group>"; };
		0E760930161212B2004BA65C /* VacationHelper.h */ = {isa = PBXFileReference; fileEncoding = 4; lastKnownFileType = sourcecode.c.h; path = VacationHelper.h; sourceTree = "<group>"; };
		0E760931161212B2004BA65C /* VacationHelper.m */ = {isa = PBXFileReference; fileEncoding = 4; lastKnownFileType = sourcecode.c.objc; path = VacationHelper.m; sourceTree = "<group>"; };
		0E76093316121424004BA65C /* VacationTableViewController.h */ = {isa = PBXFileReference; fileEncoding = 4; lastKnownFileType = sourcecode.c.h; path = VacationTableViewController.h; sourceTree = "<group>"; };
		0E76093416121424004BA65C /* VacationTableViewController.m */ = {isa = PBXFileReference; fileEncoding = 4; lastKnownFileType = sourcecode.c.objc; path = VacationTableViewController.m; sourceTree = "<group>"; };
		0E76093C161219CA004BA65C /* CoreData.framework */ = {isa = PBXFileReference; lastKnownFileType = wrapper.framework; name = CoreData.framework; path = System/Library/Frameworks/CoreData.framework; sourceTree = SDKROOT; };
		0E76093F16121ECB004BA65C /* VacationPlaceViewController.h */ = {isa = PBXFileReference; fileEncoding = 4; lastKnownFileType = sourcecode.c.h; path = VacationPlaceViewController.h; sourceTree = "<group>"; };
		0E76094016121ECB004BA65C /* VacationPlaceViewController.m */ = {isa = PBXFileReference; fileEncoding = 4; lastKnownFileType = sourcecode.c.objc; path = VacationPlaceViewController.m; sourceTree = "<group>"; };
		0E760942161224DE004BA65C /* OptionViewController.h */ = {isa = PBXFileReference; fileEncoding = 4; lastKnownFileType = sourcecode.c.h; path = OptionViewController.h; sourceTree = "<group>"; };
		0E760943161224DF004BA65C /* OptionViewController.m */ = {isa = PBXFileReference; fileEncoding = 4; lastKnownFileType = sourcecode.c.objc; path = OptionViewController.m; sourceTree = "<group>"; };
		0E7609451612304B004BA65C /* VacationToVisitViewController.h */ = {isa = PBXFileReference; fileEncoding = 4; lastKnownFileType = sourcecode.c.h; path = VacationToVisitViewController.h; sourceTree = "<group>"; };
		0E7609461612304B004BA65C /* VacationToVisitViewController.m */ = {isa = PBXFileReference; fileEncoding = 4; lastKnownFileType = sourcecode.c.objc; path = VacationToVisitViewController.m; sourceTree = "<group>"; };
		0E760948161235E2004BA65C /* Photo+Create.h */ = {isa = PBXFileReference; fileEncoding = 4; lastKnownFileType = sourcecode.c.h; path = "Photo+Create.h"; sourceTree = "<group>"; };
		0E760949161235E2004BA65C /* Photo+Create.m */ = {isa = PBXFileReference; fileEncoding = 4; lastKnownFileType = sourcecode.c.objc; path = "Photo+Create.m"; sourceTree = "<group>"; };
		0E76094B1612374E004BA65C /* Place+Create.h */ = {isa = PBXFileReference; fileEncoding = 4; lastKnownFileType = sourcecode.c.h; path = "Place+Create.h"; sourceTree = "<group>"; };
		0E76094C1612374E004BA65C /* Place+Create.m */ = {isa = PBXFileReference; fileEncoding = 4; lastKnownFileType = sourcecode.c.objc; path = "Place+Create.m"; sourceTree = "<group>"; };
		0E76094E161238DC004BA65C /* Place.h */ = {isa = PBXFileReference; fileEncoding = 4; lastKnownFileType = sourcecode.c.h; path = Place.h; sourceTree = "<group>"; };
		0E76094F161238DD004BA65C /* Place.m */ = {isa = PBXFileReference; fileEncoding = 4; lastKnownFileType = sourcecode.c.objc; path = Place.m; sourceTree = "<group>"; };
		0E760951161239BF004BA65C /* Photo.h */ = {isa = PBXFileReference; fileEncoding = 4; lastKnownFileType = sourcecode.c.h; path = Photo.h; sourceTree = "<group>"; };
		0E760952161239C0004BA65C /* Photo.m */ = {isa = PBXFileReference; fileEncoding = 4; lastKnownFileType = sourcecode.c.objc; path = Photo.m; sourceTree = "<group>"; };
		0E970CD316058CB3001BCF99 /* FlickrFetcher.app */ = {isa = PBXFileReference; explicitFileType = wrapper.application; includeInIndex = 0; path = FlickrFetcher.app; sourceTree = BUILT_PRODUCTS_DIR; };
		0E970CD716058CB3001BCF99 /* UIKit.framework */ = {isa = PBXFileReference; lastKnownFileType = wrapper.framework; name = UIKit.framework; path = System/Library/Frameworks/UIKit.framework; sourceTree = SDKROOT; };
		0E970CD916058CB3001BCF99 /* Foundation.framework */ = {isa = PBXFileReference; lastKnownFileType = wrapper.framework; name = Foundation.framework; path = System/Library/Frameworks/Foundation.framework; sourceTree = SDKROOT; };
		0E970CDB16058CB3001BCF99 /* CoreGraphics.framework */ = {isa = PBXFileReference; lastKnownFileType = wrapper.framework; name = CoreGraphics.framework; path = System/Library/Frameworks/CoreGraphics.framework; sourceTree = SDKROOT; };
		0E970CDF16058CB3001BCF99 /* FlickrFetcher-Info.plist */ = {isa = PBXFileReference; lastKnownFileType = text.plist.xml; path = "FlickrFetcher-Info.plist"; sourceTree = "<group>"; };
		0E970CE116058CB3001BCF99 /* en */ = {isa = PBXFileReference; lastKnownFileType = text.plist.strings; name = en; path = en.lproj/InfoPlist.strings; sourceTree = "<group>"; };
		0E970CE316058CB3001BCF99 /* main.m */ = {isa = PBXFileReference; lastKnownFileType = sourcecode.c.objc; path = main.m; sourceTree = "<group>"; };
		0E970CE516058CB3001BCF99 /* FlickrFetcher-Prefix.pch */ = {isa = PBXFileReference; lastKnownFileType = sourcecode.c.h; path = "FlickrFetcher-Prefix.pch"; sourceTree = "<group>"; };
		0E970CE616058CB3001BCF99 /* FlickrFetcherAppDelegate.h */ = {isa = PBXFileReference; lastKnownFileType = sourcecode.c.h; path = FlickrFetcherAppDelegate.h; sourceTree = "<group>"; };
		0E970CE716058CB3001BCF99 /* FlickrFetcherAppDelegate.m */ = {isa = PBXFileReference; lastKnownFileType = sourcecode.c.objc; path = FlickrFetcherAppDelegate.m; sourceTree = "<group>"; };
		0E970CEA16058CB3001BCF99 /* en */ = {isa = PBXFileReference; lastKnownFileType = file.storyboard; name = en; path = en.lproj/iPhone.storyboard; sourceTree = "<group>"; };
		0E970CED16058CB3001BCF99 /* en */ = {isa = PBXFileReference; lastKnownFileType = file.storyboard; name = en; path = en.lproj/iPad.storyboard; sourceTree = "<group>"; };
		0E970CF716058CEB001BCF99 /* FlickrAPIKey.h */ = {isa = PBXFileReference; fileEncoding = 4; lastKnownFileType = sourcecode.c.h; path = FlickrAPIKey.h; sourceTree = "<group>"; };
		0E970CF816058CEB001BCF99 /* FlickrFetcher.h */ = {isa = PBXFileReference; fileEncoding = 4; lastKnownFileType = sourcecode.c.h; path = FlickrFetcher.h; sourceTree = "<group>"; };
		0E970CF916058CEB001BCF99 /* FlickrFetcher.m */ = {isa = PBXFileReference; fileEncoding = 4; lastKnownFileType = sourcecode.c.objc; path = FlickrFetcher.m; sourceTree = "<group>"; };
		0E970CFB16059524001BCF99 /* FlickrFetcherTopPlacesViewController.h */ = {isa = PBXFileReference; fileEncoding = 4; lastKnownFileType = sourcecode.c.h; path = FlickrFetcherTopPlacesViewController.h; sourceTree = "<group>"; };
		0E970CFC16059524001BCF99 /* FlickrFetcherTopPlacesViewController.m */ = {isa = PBXFileReference; fileEncoding = 4; lastKnownFileType = sourcecode.c.objc; path = FlickrFetcherTopPlacesViewController.m; sourceTree = "<group>"; };
		0EBB641816097C540074E77A /* FlickrFetcherRecentsViewController.h */ = {isa = PBXFileReference; fileEncoding = 4; lastKnownFileType = sourcecode.c.h; path = FlickrFetcherRecentsViewController.h; sourceTree = "<group>"; };
		0EBB641916097C540074E77A /* FlickrFetcherRecentsViewController.m */ = {isa = PBXFileReference; fileEncoding = 4; lastKnownFileType = sourcecode.c.objc; path = FlickrFetcherRecentsViewController.m; sourceTree = "<group>"; };
		0EE12565160FA91E005441AA /* ImageCache.h */ = {isa = PBXFileReference; fileEncoding = 4; lastKnownFileType = sourcecode.c.h; path = ImageCache.h; sourceTree = "<group>"; };
		0EE12566160FA91E005441AA /* ImageCache.m */ = {isa = PBXFileReference; fileEncoding = 4; lastKnownFileType = sourcecode.c.objc; path = ImageCache.m; sourceTree = "<group>"; };
		0EE12576160FEED5005441AA /* MapViewController.h */ = {isa = PBXFileReference; fileEncoding = 4; lastKnownFileType = sourcecode.c.h; path = MapViewController.h; sourceTree = "<group>"; };
		0EE12577160FEED5005441AA /* MapViewController.m */ = {isa = PBXFileReference; fileEncoding = 4; lastKnownFileType = sourcecode.c.objc; path = MapViewController.m; sourceTree = "<group>"; };
		0EE12579160FEF6D005441AA /* MapKit.framework */ = {isa = PBXFileReference; lastKnownFileType = wrapper.framework; name = MapKit.framework; path = System/Library/Frameworks/MapKit.framework; sourceTree = SDKROOT; };
		0EE1257B160FEF9F005441AA /* CoreLocation.framework */ = {isa = PBXFileReference; lastKnownFileType = wrapper.framework; name = CoreLocation.framework; path = System/Library/Frameworks/CoreLocation.framework; sourceTree = SDKROOT; };
		0EE1257D160FEFF5005441AA /* FlickrAnnotation.h */ = {isa = PBXFileReference; fileEncoding = 4; lastKnownFileType = sourcecode.c.h; path = FlickrAnnotation.h; sourceTree = "<group>"; };
		0EE1257E160FEFF5005441AA /* FlickrAnnotation.m */ = {isa = PBXFileReference; fileEncoding = 4; lastKnownFileType = sourcecode.c.objc; path = FlickrAnnotation.m; sourceTree = "<group>"; };
		0EEDB7BD16063EAB002486EC /* FlickrFetcherPhotoWithZoomingViewController.h */ = {isa = PBXFileReference; fileEncoding = 4; lastKnownFileType = sourcecode.c.h; path = FlickrFetcherPhotoWithZoomingViewController.h; sourceTree = "<group>"; };
		0EEDB7BE16063EAB002486EC /* FlickrFetcherPhotoWithZoomingViewController.m */ = {isa = PBXFileReference; fileEncoding = 4; lastKnownFileType = sourcecode.c.objc; path = FlickrFetcherPhotoWithZoomingViewController.m; sourceTree = "<group>"; };
		0EEDB7C116064D17002486EC /* Giants.jpg */ = {isa = PBXFileReference; lastKnownFileType = image.jpeg; path = Giants.jpg; sourceTree = "<group>"; };
/* End PBXFileReference section */

/* Begin PBXFrameworksBuildPhase section */
		0E970CD016058CB3001BCF99 /* Frameworks */ = {
			isa = PBXFrameworksBuildPhase;
			buildActionMask = 2147483647;
			files = (
				0E76093D161219CA004BA65C /* CoreData.framework in Frameworks */,
				0EE1257C160FEF9F005441AA /* CoreLocation.framework in Frameworks */,
				0EE1257A160FEF6D005441AA /* MapKit.framework in Frameworks */,
				0E970CD816058CB3001BCF99 /* UIKit.framework in Frameworks */,
				0E970CDA16058CB3001BCF99 /* Foundation.framework in Frameworks */,
				0E970CDC16058CB3001BCF99 /* CoreGraphics.framework in Frameworks */,
			);
			runOnlyForDeploymentPostprocessing = 0;
		};
/* End PBXFrameworksBuildPhase section */

/* Begin PBXGroup section */
		0E760841161168FE004BA65C /* CoreData */ = {
			isa = PBXGroup;
			children = (
				0E76084316116912004BA65C /* CoreDataTableViewController.h */,
				0E76084416116912004BA65C /* CoreDataTableViewController.m */,
				0E76091716120F69004BA65C /* VirtualVacation.xcdatamodeld */,
				0E760951161239BF004BA65C /* Photo.h */,
				0E760952161239C0004BA65C /* Photo.m */,
				0E760948161235E2004BA65C /* Photo+Create.h */,
				0E760949161235E2004BA65C /* Photo+Create.m */,
				0E76094E161238DC004BA65C /* Place.h */,
				0E76094F161238DD004BA65C /* Place.m */,
				0E76094B1612374E004BA65C /* Place+Create.h */,
				0E76094C1612374E004BA65C /* Place+Create.m */,
			);
			name = CoreData;
			sourceTree = "<group>";
		};
		0E970CC816058CB3001BCF99 = {
			isa = PBXGroup;
			children = (
				0E76093C161219CA004BA65C /* CoreData.framework */,
				0E74610616102A330082DC80 /* Default-568h@2x.png */,
				0EE1257B160FEF9F005441AA /* CoreLocation.framework */,
				0EE12579160FEF6D005441AA /* MapKit.framework */,
				0E970CDD16058CB3001BCF99 /* FlickrFetcher */,
				0E970CD616058CB3001BCF99 /* Frameworks */,
				0E970CD416058CB3001BCF99 /* Products */,
			);
			sourceTree = "<group>";
		};
		0E970CD416058CB3001BCF99 /* Products */ = {
			isa = PBXGroup;
			children = (
				0E970CD316058CB3001BCF99 /* FlickrFetcher.app */,
			);
			name = Products;
			sourceTree = "<group>";
		};
		0E970CD616058CB3001BCF99 /* Frameworks */ = {
			isa = PBXGroup;
			children = (
				0E970CD716058CB3001BCF99 /* UIKit.framework */,
				0E970CD916058CB3001BCF99 /* Foundation.framework */,
				0E970CDB16058CB3001BCF99 /* CoreGraphics.framework */,
			);
			name = Frameworks;
			sourceTree = "<group>";
		};
		0E970CDD16058CB3001BCF99 /* FlickrFetcher */ = {
			isa = PBXGroup;
			children = (
				0E7609451612304B004BA65C /* VacationToVisitViewController.h */,
				0E7609461612304B004BA65C /* VacationToVisitViewController.m */,
				0E76093316121424004BA65C /* VacationTableViewController.h */,
				0E76093416121424004BA65C /* VacationTableViewController.m */,
				0E760942161224DE004BA65C /* OptionViewController.h */,
				0E760943161224DF004BA65C /* OptionViewController.m */,
				0E76093F16121ECB004BA65C /* VacationPlaceViewController.h */,
				0E76094016121ECB004BA65C /* VacationPlaceViewController.m */,
				0E970CFB16059524001BCF99 /* FlickrFetcherTopPlacesViewController.h */,
				0E970CFC16059524001BCF99 /* FlickrFetcherTopPlacesViewController.m */,
				0E7147F51605AD96001FAE25 /* FlickrFetcherPicInPlaceViewController.h */,
				0E7147F61605AD96001FAE25 /* FlickrFetcherPicInPlaceViewController.m */,
				0EEDB7BD16063EAB002486EC /* FlickrFetcherPhotoWithZoomingViewController.h */,
				0EEDB7BE16063EAB002486EC /* FlickrFetcherPhotoWithZoomingViewController.m */,
				0EE12565160FA91E005441AA /* ImageCache.h */,
				0EE12566160FA91E005441AA /* ImageCache.m */,
				0E970CE916058CB3001BCF99 /* iPhone.storyboard */,
				0E970CEC16058CB3001BCF99 /* iPad.storyboard */,
				0E760841161168FE004BA65C /* CoreData */,
				0EE12575160FEEAD005441AA /* Map */,
				0EE12568160FA934005441AA /* Recents */,
				0EE12557160F94F0005441AA /* Flickr */,
				0E970CDE16058CB3001BCF99 /* Supporting Files */,
				0E760930161212B2004BA65C /* VacationHelper.h */,
				0E760931161212B2004BA65C /* VacationHelper.m */,
			);
			path = FlickrFetcher;
			sourceTree = "<group>";
		};
		0E970CDE16058CB3001BCF99 /* Supporting Files */ = {
			isa = PBXGroup;
			children = (
				0EEDB7C116064D17002486EC /* Giants.jpg */,
				0E970CE616058CB3001BCF99 /* FlickrFetcherAppDelegate.h */,
				0E970CE716058CB3001BCF99 /* FlickrFetcherAppDelegate.m */,
				0E970CDF16058CB3001BCF99 /* FlickrFetcher-Info.plist */,
				0E970CE016058CB3001BCF99 /* InfoPlist.strings */,
				0E970CE316058CB3001BCF99 /* main.m */,
				0E970CE516058CB3001BCF99 /* FlickrFetcher-Prefix.pch */,
			);
			name = "Supporting Files";
			sourceTree = "<group>";
		};
		0EE12557160F94F0005441AA /* Flickr */ = {
			isa = PBXGroup;
			children = (
				0E970CF716058CEB001BCF99 /* FlickrAPIKey.h */,
				0E970CF816058CEB001BCF99 /* FlickrFetcher.h */,
				0E970CF916058CEB001BCF99 /* FlickrFetcher.m */,
			);
			name = Flickr;
			sourceTree = "<group>";
		};
		0EE12568160FA934005441AA /* Recents */ = {
			isa = PBXGroup;
			children = (
				0EBB641816097C540074E77A /* FlickrFetcherRecentsViewController.h */,
				0EBB641916097C540074E77A /* FlickrFetcherRecentsViewController.m */,
			);
			name = Recents;
			sourceTree = "<group>";
		};
		0EE12575160FEEAD005441AA /* Map */ = {
			isa = PBXGroup;
			children = (
				0EE12576160FEED5005441AA /* MapViewController.h */,
				0EE12577160FEED5005441AA /* MapViewController.m */,
				0EE1257D160FEFF5005441AA /* FlickrAnnotation.h */,
				0EE1257E160FEFF5005441AA /* FlickrAnnotation.m */,
			);
			name = Map;
			sourceTree = "<group>";
		};
/* End PBXGroup section */

/* Begin PBXNativeTarget section */
		0E970CD216058CB3001BCF99 /* FlickrFetcher */ = {
			isa = PBXNativeTarget;
			buildConfigurationList = 0E970CF416058CB3001BCF99 /* Build configuration list for PBXNativeTarget "FlickrFetcher" */;
			buildPhases = (
				0E970CCF16058CB3001BCF99 /* Sources */,
				0E970CD016058CB3001BCF99 /* Frameworks */,
				0E970CD116058CB3001BCF99 /* Resources */,
			);
			buildRules = (
			);
			dependencies = (
			);
			name = FlickrFetcher;
			productName = FlickrFetcher;
			productReference = 0E970CD316058CB3001BCF99 /* FlickrFetcher.app */;
			productType = "com.apple.product-type.application";
		};
/* End PBXNativeTarget section */

/* Begin PBXProject section */
		0E970CCA16058CB3001BCF99 /* Project object */ = {
			isa = PBXProject;
			attributes = {
				CLASSPREFIX = FlickrFetcher;
				LastUpgradeCheck = 0440;
				ORGANIZATIONNAME = "Mo Erben";
			};
			buildConfigurationList = 0E970CCD16058CB3001BCF99 /* Build configuration list for PBXProject "FlickrFetcher" */;
			compatibilityVersion = "Xcode 3.2";
			developmentRegion = English;
			hasScannedForEncodings = 0;
			knownRegions = (
				en,
			);
			mainGroup = 0E970CC816058CB3001BCF99;
			productRefGroup = 0E970CD416058CB3001BCF99 /* Products */;
			projectDirPath = "";
			projectRoot = "";
			targets = (
				0E970CD216058CB3001BCF99 /* FlickrFetcher */,
			);
		};
/* End PBXProject section */

/* Begin PBXResourcesBuildPhase section */
		0E970CD116058CB3001BCF99 /* Resources */ = {
			isa = PBXResourcesBuildPhase;
			buildActionMask = 2147483647;
			files = (
				0E970CE216058CB3001BCF99 /* InfoPlist.strings in Resources */,
				0E970CEB16058CB3001BCF99 /* iPhone.storyboard in Resources */,
				0E970CEE16058CB3001BCF99 /* iPad.storyboard in Resources */,
				0EEDB7C216064D17002486EC /* Giants.jpg in Resources */,
				0E74610716102A330082DC80 /* Default-568h@2x.png in Resources */,
			);
			runOnlyForDeploymentPostprocessing = 0;
		};
/* End PBXResourcesBuildPhase section */

/* Begin PBXSourcesBuildPhase section */
		0E970CCF16058CB3001BCF99 /* Sources */ = {
			isa = PBXSourcesBuildPhase;
			buildActionMask = 2147483647;
			files = (
				0E970CE416058CB3001BCF99 /* main.m in Sources */,
				0E970CE816058CB3001BCF99 /* FlickrFetcherAppDelegate.m in Sources */,
				0E970CFA16058CEB001BCF99 /* FlickrFetcher.m in Sources */,
				0E970CFD16059524001BCF99 /* FlickrFetcherTopPlacesViewController.m in Sources */,
				0E7147F71605AD96001FAE25 /* FlickrFetcherPicInPlaceViewController.m in Sources */,
				0EEDB7BF16063EAB002486EC /* FlickrFetcherPhotoWithZoomingViewController.m in Sources */,
				0EBB641A16097C540074E77A /* FlickrFetcherRecentsViewController.m in Sources */,
				0EE12567160FA91E005441AA /* ImageCache.m in Sources */,
				0EE12578160FEED5005441AA /* MapViewController.m in Sources */,
				0EE1257F160FEFF5005441AA /* FlickrAnnotation.m in Sources */,
				0E76091916120F69004BA65C /* VirtualVacation.xcdatamodeld in Sources */,
				0E760932161212B3004BA65C /* VacationHelper.m in Sources */,
				0E76093516121425004BA65C /* VacationTableViewController.m in Sources */,
				0E76093E161219D3004BA65C /* CoreDataTableViewController.m in Sources */,
				0E76094116121ECC004BA65C /* VacationPlaceViewController.m in Sources */,
				0E760944161224E0004BA65C /* OptionViewController.m in Sources */,
				0E7609471612304D004BA65C /* VacationToVisitViewController.m in Sources */,
				0E76094A161235E2004BA65C /* Photo+Create.m in Sources */,
				0E76094D1612374E004BA65C /* Place+Create.m in Sources */,
				0E760950161238DE004BA65C /* Place.m in Sources */,
				0E760953161239C0004BA65C /* Photo.m in Sources */,
			);
			runOnlyForDeploymentPostprocessing = 0;
		};
/* End PBXSourcesBuildPhase section */

/* Begin PBXVariantGroup section */
		0E970CE016058CB3001BCF99 /* InfoPlist.strings */ = {
			isa = PBXVariantGroup;
			children = (
				0E970CE116058CB3001BCF99 /* en */,
			);
			name = InfoPlist.strings;
			sourceTree = "<group>";
		};
		0E970CE916058CB3001BCF99 /* iPhone.storyboard */ = {
			isa = PBXVariantGroup;
			children = (
				0E970CEA16058CB3001BCF99 /* en */,
			);
			name = iPhone.storyboard;
			sourceTree = "<group>";
		};
		0E970CEC16058CB3001BCF99 /* iPad.storyboard */ = {
			isa = PBXVariantGroup;
			children = (
				0E970CED16058CB3001BCF99 /* en */,
			);
			name = iPad.storyboard;
			sourceTree = "<group>";
		};
/* End PBXVariantGroup section */

/* Begin XCBuildConfiguration section */
		0E970CF216058CB3001BCF99 /* Debug */ = {
			isa = XCBuildConfiguration;
			buildSettings = {
				ALWAYS_SEARCH_USER_PATHS = NO;
				ARCHS = "$(ARCHS_STANDARD_32_BIT)";
				CLANG_CXX_LANGUAGE_STANDARD = "gnu++0x";
				CLANG_ENABLE_OBJC_ARC = YES;
				CLANG_WARN__DUPLICATE_METHOD_MATCH = YES;
				"CODE_SIGN_IDENTITY[sdk=iphoneos*]" = "iPhone Developer";
				COPY_PHASE_STRIP = NO;
				GCC_C_LANGUAGE_STANDARD = gnu99;
				GCC_DYNAMIC_NO_PIC = NO;
				GCC_OPTIMIZATION_LEVEL = 0;
				GCC_PREPROCESSOR_DEFINITIONS = (
					"DEBUG=1",
					"$(inherited)",
				);
				GCC_SYMBOLS_PRIVATE_EXTERN = NO;
				GCC_VERSION = com.apple.compilers.llvm.clang.1_0;
				GCC_WARN_ABOUT_RETURN_TYPE = YES;
				GCC_WARN_UNINITIALIZED_AUTOS = YES;
				GCC_WARN_UNUSED_VARIABLE = YES;
				IPHONEOS_DEPLOYMENT_TARGET = 5.1;
				SDKROOT = iphoneos;
				TARGETED_DEVICE_FAMILY = "1,2";
			};
			name = Debug;
		};
		0E970CF316058CB3001BCF99 /* Release */ = {
			isa = XCBuildConfiguration;
			buildSettings = {
				ALWAYS_SEARCH_USER_PATHS = NO;
				ARCHS = "$(ARCHS_STANDARD_32_BIT)";
				CLANG_CXX_LANGUAGE_STANDARD = "gnu++0x";
				CLANG_ENABLE_OBJC_ARC = YES;
				CLANG_WARN__DUPLICATE_METHOD_MATCH = YES;
				"CODE_SIGN_IDENTITY[sdk=iphoneos*]" = "iPhone Developer";
				COPY_PHASE_STRIP = YES;
				GCC_C_LANGUAGE_STANDARD = gnu99;
				GCC_VERSION = com.apple.compilers.llvm.clang.1_0;
				GCC_WARN_ABOUT_RETURN_TYPE = YES;
				GCC_WARN_UNINITIALIZED_AUTOS = YES;
				GCC_WARN_UNUSED_VARIABLE = YES;
				IPHONEOS_DEPLOYMENT_TARGET = 5.1;
				OTHER_CFLAGS = "-DNS_BLOCK_ASSERTIONS=1";
				SDKROOT = iphoneos;
				TARGETED_DEVICE_FAMILY = "1,2";
				VALIDATE_PRODUCT = YES;
			};
			name = Release;
		};
		0E970CF516058CB3001BCF99 /* Debug */ = {
			isa = XCBuildConfiguration;
			buildSettings = {
				GCC_PRECOMPILE_PREFIX_HEADER = YES;
				GCC_PREFIX_HEADER = "FlickrFetcher/FlickrFetcher-Prefix.pch";
				INFOPLIST_FILE = "FlickrFetcher/FlickrFetcher-Info.plist";
				PRODUCT_NAME = "$(TARGET_NAME)";
				WRAPPER_EXTENSION = app;
			};
			name = Debug;
		};
		0E970CF616058CB3001BCF99 /* Release */ = {
			isa = XCBuildConfiguration;
			buildSettings = {
				GCC_PRECOMPILE_PREFIX_HEADER = YES;
				GCC_PREFIX_HEADER = "FlickrFetcher/FlickrFetcher-Prefix.pch";
				INFOPLIST_FILE = "FlickrFetcher/FlickrFetcher-Info.plist";
				PRODUCT_NAME = "$(TARGET_NAME)";
				WRAPPER_EXTENSION = app;
			};
			name = Release;
		};
/* End XCBuildConfiguration section */

/* Begin XCConfigurationList section */
		0E970CCD16058CB3001BCF99 /* Build configuration list for PBXProject "FlickrFetcher" */ = {
			isa = XCConfigurationList;
			buildConfigurations = (
				0E970CF216058CB3001BCF99 /* Debug */,
				0E970CF316058CB3001BCF99 /* Release */,
			);
			defaultConfigurationIsVisible = 0;
			defaultConfigurationName = Release;
		};
		0E970CF416058CB3001BCF99 /* Build configuration list for PBXNativeTarget "FlickrFetcher" */ = {
			isa = XCConfigurationList;
			buildConfigurations = (
				0E970CF516058CB3001BCF99 /* Debug */,
				0E970CF616058CB3001BCF99 /* Release */,
			);
			defaultConfigurationIsVisible = 0;
			defaultConfigurationName = Release;
		};
/* End XCConfigurationList section */

/* Begin XCVersionGroup section */
		0E76091716120F69004BA65C /* VirtualVacation.xcdatamodeld */ = {
			isa = XCVersionGroup;
			children = (
				0E76091816120F69004BA65C /* VirtualVacation.xcdatamodel */,
			);
			currentVersion = 0E76091816120F69004BA65C /* VirtualVacation.xcdatamodel */;
			path = VirtualVacation.xcdatamodeld;
			sourceTree = "<group>";
			versionGroupType = wrapper.xcdatamodel;
		};
/* End XCVersionGroup section */
	};
	rootObject = 0E970CCA16058CB3001BCF99 /* Project object */;
}
