// !$*UTF8*$!
{
	archiveVersion = 1;
	classes = {
	};
	objectVersion = 46;
	objects = {

/* Begin PBXBuildFile section */
		0E00A96C15FBC35800F0665B /* iPad.storyboard in Resources */ = {isa = PBXBuildFile; fileRef = 0E00A96B15FBC35800F0665B /* iPad.storyboard */; };
		0E4DB75015F90280003492C7 /* GraphViewController.m in Sources */ = {isa = PBXBuildFile; fileRef = 0E4DB74F15F90280003492C7 /* GraphViewController.m */; };
		0E4DB75315F902D6003492C7 /* GraphView.m in Sources */ = {isa = PBXBuildFile; fileRef = 0E4DB75215F902D6003492C7 /* GraphView.m */; };
		0E4DB75415F91CE6003492C7 /* AxesDrawer.m in Sources */ = {isa = PBXBuildFile; fileRef = 0E4DB74615F9020B003492C7 /* AxesDrawer.m */; };
		0EC29E8A160258F800C42EAC /* FavoriteGraphController.m in Sources */ = {isa = PBXBuildFile; fileRef = 0EC29E89160258F800C42EAC /* FavoriteGraphController.m */; };
		0EFC6B7A15F43F000023E10D /* UIKit.framework in Frameworks */ = {isa = PBXBuildFile; fileRef = 0EFC6B7915F43F000023E10D /* UIKit.framework */; };
		0EFC6B7C15F43F000023E10D /* Foundation.framework in Frameworks */ = {isa = PBXBuildFile; fileRef = 0EFC6B7B15F43F000023E10D /* Foundation.framework */; };
		0EFC6B7E15F43F000023E10D /* CoreGraphics.framework in Frameworks */ = {isa = PBXBuildFile; fileRef = 0EFC6B7D15F43F000023E10D /* CoreGraphics.framework */; };
		0EFC6B8415F43F000023E10D /* InfoPlist.strings in Resources */ = {isa = PBXBuildFile; fileRef = 0EFC6B8215F43F000023E10D /* InfoPlist.strings */; };
		0EFC6B8615F43F000023E10D /* main.m in Sources */ = {isa = PBXBuildFile; fileRef = 0EFC6B8515F43F000023E10D /* main.m */; };
		0EFC6B8A15F43F000023E10D /* CalculatorAppDelegate.m in Sources */ = {isa = PBXBuildFile; fileRef = 0EFC6B8915F43F000023E10D /* CalculatorAppDelegate.m */; };
		0EFC6B8D15F43F000023E10D /* iPhone.storyboard in Resources */ = {isa = PBXBuildFile; fileRef = 0EFC6B8B15F43F000023E10D /* iPhone.storyboard */; };
		0EFC6B9015F43F000023E10D /* CalculatorViewController.m in Sources */ = {isa = PBXBuildFile; fileRef = 0EFC6B8F15F43F000023E10D /* CalculatorViewController.m */; };
		0EFC6B9815F45D0C0023E10D /* CalculatorBrain.m in Sources */ = {isa = PBXBuildFile; fileRef = 0EFC6B9715F45D0C0023E10D /* CalculatorBrain.m */; };
/* End PBXBuildFile section */

/* Begin PBXFileReference section */
		0E00A96B15FBC35800F0665B /* iPad.storyboard */ = {isa = PBXFileReference; fileEncoding = 4; lastKnownFileType = file.storyboard; name = iPad.storyboard; path = ../iPad.storyboard; sourceTree = "<group>"; };
		0E4DB74515F9020B003492C7 /* AxesDrawer.h */ = {isa = PBXFileReference; lastKnownFileType = sourcecode.c.h; path = AxesDrawer.h; sourceTree = "<group>"; };
		0E4DB74615F9020B003492C7 /* AxesDrawer.m */ = {isa = PBXFileReference; lastKnownFileType = sourcecode.c.objc; path = AxesDrawer.m; sourceTree = "<group>"; };
		0E4DB74E15F90280003492C7 /* GraphViewController.h */ = {isa = PBXFileReference; fileEncoding = 4; lastKnownFileType = sourcecode.c.h; path = GraphViewController.h; sourceTree = "<group>"; };
		0E4DB74F15F90280003492C7 /* GraphViewController.m */ = {isa = PBXFileReference; fileEncoding = 4; lastKnownFileType = sourcecode.c.objc; path = GraphViewController.m; sourceTree = "<group>"; };
		0E4DB75115F902D5003492C7 /* GraphView.h */ = {isa = PBXFileReference; fileEncoding = 4; lastKnownFileType = sourcecode.c.h; path = GraphView.h; sourceTree = "<group>"; };
		0E4DB75215F902D6003492C7 /* GraphView.m */ = {isa = PBXFileReference; fileEncoding = 4; lastKnownFileType = sourcecode.c.objc; path = GraphView.m; sourceTree = "<group>"; };
		0EC29E88160258F800C42EAC /* FavoriteGraphController.h */ = {isa = PBXFileReference; fileEncoding = 4; lastKnownFileType = sourcecode.c.h; path = FavoriteGraphController.h; sourceTree = "<group>"; };
		0EC29E89160258F800C42EAC /* FavoriteGraphController.m */ = {isa = PBXFileReference; fileEncoding = 4; lastKnownFileType = sourcecode.c.objc; path = FavoriteGraphController.m; sourceTree = "<group>"; };
		0EFC6B7515F43F000023E10D /* Calculator.app */ = {isa = PBXFileReference; explicitFileType = wrapper.application; includeInIndex = 0; path = Calculator.app; sourceTree = BUILT_PRODUCTS_DIR; };
		0EFC6B7915F43F000023E10D /* UIKit.framework */ = {isa = PBXFileReference; lastKnownFileType = wrapper.framework; name = UIKit.framework; path = System/Library/Frameworks/UIKit.framework; sourceTree = SDKROOT; };
		0EFC6B7B15F43F000023E10D /* Foundation.framework */ = {isa = PBXFileReference; lastKnownFileType = wrapper.framework; name = Foundation.framework; path = System/Library/Frameworks/Foundation.framework; sourceTree = SDKROOT; };
		0EFC6B7D15F43F000023E10D /* CoreGraphics.framework */ = {isa = PBXFileReference; lastKnownFileType = wrapper.framework; name = CoreGraphics.framework; path = System/Library/Frameworks/CoreGraphics.framework; sourceTree = SDKROOT; };
		0EFC6B8115F43F000023E10D /* Calculator-Info.plist */ = {isa = PBXFileReference; lastKnownFileType = text.plist.xml; path = "Calculator-Info.plist"; sourceTree = "<group>"; };
		0EFC6B8315F43F000023E10D /* en */ = {isa = PBXFileReference; lastKnownFileType = text.plist.strings; name = en; path = en.lproj/InfoPlist.strings; sourceTree = "<group>"; };
		0EFC6B8515F43F000023E10D /* main.m */ = {isa = PBXFileReference; lastKnownFileType = sourcecode.c.objc; path = main.m; sourceTree = "<group>"; };
		0EFC6B8715F43F000023E10D /* Calculator-Prefix.pch */ = {isa = PBXFileReference; lastKnownFileType = sourcecode.c.h; path = "Calculator-Prefix.pch"; sourceTree = "<group>"; };
		0EFC6B8815F43F000023E10D /* CalculatorAppDelegate.h */ = {isa = PBXFileReference; lastKnownFileType = sourcecode.c.h; path = CalculatorAppDelegate.h; sourceTree = "<group>"; };
		0EFC6B8915F43F000023E10D /* CalculatorAppDelegate.m */ = {isa = PBXFileReference; lastKnownFileType = sourcecode.c.objc; path = CalculatorAppDelegate.m; sourceTree = "<group>"; };
		0EFC6B8C15F43F000023E10D /* en */ = {isa = PBXFileReference; lastKnownFileType = file.storyboard; name = en; path = en.lproj/iPhone.storyboard; sourceTree = "<group>"; };
		0EFC6B8E15F43F000023E10D /* CalculatorViewController.h */ = {isa = PBXFileReference; lastKnownFileType = sourcecode.c.h; path = CalculatorViewController.h; sourceTree = "<group>"; };
		0EFC6B8F15F43F000023E10D /* CalculatorViewController.m */ = {isa = PBXFileReference; lastKnownFileType = sourcecode.c.objc; path = CalculatorViewController.m; sourceTree = "<group>"; };
		0EFC6B9615F45D0C0023E10D /* CalculatorBrain.h */ = {isa = PBXFileReference; fileEncoding = 4; lastKnownFileType = sourcecode.c.h; path = CalculatorBrain.h; sourceTree = "<group>"; };
		0EFC6B9715F45D0C0023E10D /* CalculatorBrain.m */ = {isa = PBXFileReference; fileEncoding = 4; lastKnownFileType = sourcecode.c.objc; path = CalculatorBrain.m; sourceTree = "<group>"; };
/* End PBXFileReference section */

/* Begin PBXFrameworksBuildPhase section */
		0EFC6B7215F43F000023E10D /* Frameworks */ = {
			isa = PBXFrameworksBuildPhase;
			buildActionMask = 2147483647;
			files = (
				0EFC6B7A15F43F000023E10D /* UIKit.framework in Frameworks */,
				0EFC6B7C15F43F000023E10D /* Foundation.framework in Frameworks */,
				0EFC6B7E15F43F000023E10D /* CoreGraphics.framework in Frameworks */,
			);
			runOnlyForDeploymentPostprocessing = 0;
		};
/* End PBXFrameworksBuildPhase section */

/* Begin PBXGroup section */
		0EFC6B6A15F43F000023E10D = {
			isa = PBXGroup;
			children = (
				0EFC6B7F15F43F000023E10D /* Calculator */,
				0EFC6B7815F43F000023E10D /* Frameworks */,
				0EFC6B7615F43F000023E10D /* Products */,
			);
			sourceTree = "<group>";
		};
		0EFC6B7615F43F000023E10D /* Products */ = {
			isa = PBXGroup;
			children = (
				0EFC6B7515F43F000023E10D /* Calculator.app */,
			);
			name = Products;
			sourceTree = "<group>";
		};
		0EFC6B7815F43F000023E10D /* Frameworks */ = {
			isa = PBXGroup;
			children = (
				0EFC6B7915F43F000023E10D /* UIKit.framework */,
				0EFC6B7B15F43F000023E10D /* Foundation.framework */,
				0EFC6B7D15F43F000023E10D /* CoreGraphics.framework */,
			);
			name = Frameworks;
			sourceTree = "<group>";
		};
		0EFC6B7F15F43F000023E10D /* Calculator */ = {
			isa = PBXGroup;
			children = (
				0EC29E88160258F800C42EAC /* FavoriteGraphController.h */,
				0EC29E89160258F800C42EAC /* FavoriteGraphController.m */,
				0E00A96B15FBC35800F0665B /* iPad.storyboard */,
				0EFC6B8B15F43F000023E10D /* iPhone.storyboard */,
				0E4DB74E15F90280003492C7 /* GraphViewController.h */,
				0E4DB74F15F90280003492C7 /* GraphViewController.m */,
				0E4DB75115F902D5003492C7 /* GraphView.h */,
				0E4DB75215F902D6003492C7 /* GraphView.m */,
				0E4DB74515F9020B003492C7 /* AxesDrawer.h */,
				0E4DB74615F9020B003492C7 /* AxesDrawer.m */,
				0EFC6B9615F45D0C0023E10D /* CalculatorBrain.h */,
				0EFC6B9715F45D0C0023E10D /* CalculatorBrain.m */,
				0EFC6B8E15F43F000023E10D /* CalculatorViewController.h */,
				0EFC6B8F15F43F000023E10D /* CalculatorViewController.m */,
				0EFC6B8015F43F000023E10D /* Supporting Files */,
			);
			path = Calculator;
			sourceTree = "<group>";
		};
		0EFC6B8015F43F000023E10D /* Supporting Files */ = {
			isa = PBXGroup;
			children = (
				0EFC6B8815F43F000023E10D /* CalculatorAppDelegate.h */,
				0EFC6B8915F43F000023E10D /* CalculatorAppDelegate.m */,
				0EFC6B8115F43F000023E10D /* Calculator-Info.plist */,
				0EFC6B8215F43F000023E10D /* InfoPlist.strings */,
				0EFC6B8515F43F000023E10D /* main.m */,
				0EFC6B8715F43F000023E10D /* Calculator-Prefix.pch */,
			);
			name = "Supporting Files";
			sourceTree = "<group>";
		};
/* End PBXGroup section */

/* Begin PBXNativeTarget section */
		0EFC6B7415F43F000023E10D /* Calculator */ = {
			isa = PBXNativeTarget;
			buildConfigurationList = 0EFC6B9315F43F000023E10D /* Build configuration list for PBXNativeTarget "Calculator" */;
			buildPhases = (
				0EFC6B7115F43F000023E10D /* Sources */,
				0EFC6B7215F43F000023E10D /* Frameworks */,
				0EFC6B7315F43F000023E10D /* Resources */,
			);
			buildRules = (
			);
			dependencies = (
			);
			name = Calculator;
			productName = Calculator;
			productReference = 0EFC6B7515F43F000023E10D /* Calculator.app */;
			productType = "com.apple.product-type.application";
		};
/* End PBXNativeTarget section */

/* Begin PBXProject section */
		0EFC6B6C15F43F000023E10D /* Project object */ = {
			isa = PBXProject;
			attributes = {
				CLASSPREFIX = Calculator;
				LastUpgradeCheck = 0440;
				ORGANIZATIONNAME = MoErben;
			};
			buildConfigurationList = 0EFC6B6F15F43F000023E10D /* Build configuration list for PBXProject "Calculator" */;
			compatibilityVersion = "Xcode 3.2";
			developmentRegion = English;
			hasScannedForEncodings = 0;
			knownRegions = (
				en,
			);
			mainGroup = 0EFC6B6A15F43F000023E10D;
			productRefGroup = 0EFC6B7615F43F000023E10D /* Products */;
			projectDirPath = "";
			projectRoot = "";
			targets = (
				0EFC6B7415F43F000023E10D /* Calculator */,
			);
		};
/* End PBXProject section */

/* Begin PBXResourcesBuildPhase section */
		0EFC6B7315F43F000023E10D /* Resources */ = {
			isa = PBXResourcesBuildPhase;
			buildActionMask = 2147483647;
			files = (
				0EFC6B8415F43F000023E10D /* InfoPlist.strings in Resources */,
				0EFC6B8D15F43F000023E10D /* iPhone.storyboard in Resources */,
				0E00A96C15FBC35800F0665B /* iPad.storyboard in Resources */,
			);
			runOnlyForDeploymentPostprocessing = 0;
		};
/* End PBXResourcesBuildPhase section */

/* Begin PBXSourcesBuildPhase section */
		0EFC6B7115F43F000023E10D /* Sources */ = {
			isa = PBXSourcesBuildPhase;
			buildActionMask = 2147483647;
			files = (
				0EFC6B8615F43F000023E10D /* main.m in Sources */,
				0EFC6B8A15F43F000023E10D /* CalculatorAppDelegate.m in Sources */,
				0EFC6B9015F43F000023E10D /* CalculatorViewController.m in Sources */,
				0EFC6B9815F45D0C0023E10D /* CalculatorBrain.m in Sources */,
				0E4DB75015F90280003492C7 /* GraphViewController.m in Sources */,
				0E4DB75315F902D6003492C7 /* GraphView.m in Sources */,
				0E4DB75415F91CE6003492C7 /* AxesDrawer.m in Sources */,
				0EC29E8A160258F800C42EAC /* FavoriteGraphController.m in Sources */,
			);
			runOnlyForDeploymentPostprocessing = 0;
		};
/* End PBXSourcesBuildPhase section */

/* Begin PBXVariantGroup section */
		0EFC6B8215F43F000023E10D /* InfoPlist.strings */ = {
			isa = PBXVariantGroup;
			children = (
				0EFC6B8315F43F000023E10D /* en */,
			);
			name = InfoPlist.strings;
			sourceTree = "<group>";
		};
		0EFC6B8B15F43F000023E10D /* iPhone.storyboard */ = {
			isa = PBXVariantGroup;
			children = (
				0EFC6B8C15F43F000023E10D /* en */,
			);
			name = iPhone.storyboard;
			sourceTree = "<group>";
		};
/* End PBXVariantGroup section */

/* Begin XCBuildConfiguration section */
		0EFC6B9115F43F000023E10D /* Debug */ = {
			isa = XCBuildConfiguration;
			buildSettings = {
				ALWAYS_SEARCH_USER_PATHS = NO;
				ARCHS = "$(ARCHS_STANDARD_32_BIT)";
				CLANG_CXX_LANGUAGE_STANDARD = "gnu++0x";
				CLANG_ENABLE_OBJC_ARC = YES;
				CLANG_WARN__DUPLICATE_METHOD_MATCH = YES;
				"CODE_SIGN_IDENTITY[sdk=iphoneos*]" = "iPhone Developer";
				COPY_PHASE_STRIP = NO;
				GCC_C_LANGUAGE_STANDARD = gnu99;
				GCC_DYNAMIC_NO_PIC = NO;
				GCC_OPTIMIZATION_LEVEL = 0;
				GCC_PREPROCESSOR_DEFINITIONS = (
					"DEBUG=1",
					"$(inherited)",
				);
				GCC_SYMBOLS_PRIVATE_EXTERN = NO;
				GCC_VERSION = com.apple.compilers.llvm.clang.1_0;
				GCC_WARN_ABOUT_RETURN_TYPE = YES;
				GCC_WARN_UNINITIALIZED_AUTOS = YES;
				GCC_WARN_UNUSED_VARIABLE = YES;
				IPHONEOS_DEPLOYMENT_TARGET = 5.1;
				SDKROOT = iphoneos;
			};
			name = Debug;
		};
		0EFC6B9215F43F000023E10D /* Release */ = {
			isa = XCBuildConfiguration;
			buildSettings = {
				ALWAYS_SEARCH_USER_PATHS = NO;
				ARCHS = "$(ARCHS_STANDARD_32_BIT)";
				CLANG_CXX_LANGUAGE_STANDARD = "gnu++0x";
				CLANG_ENABLE_OBJC_ARC = YES;
				CLANG_WARN__DUPLICATE_METHOD_MATCH = YES;
				"CODE_SIGN_IDENTITY[sdk=iphoneos*]" = "iPhone Developer";
				COPY_PHASE_STRIP = YES;
				GCC_C_LANGUAGE_STANDARD = gnu99;
				GCC_VERSION = com.apple.compilers.llvm.clang.1_0;
				GCC_WARN_ABOUT_RETURN_TYPE = YES;
				GCC_WARN_UNINITIALIZED_AUTOS = YES;
				GCC_WARN_UNUSED_VARIABLE = YES;
				IPHONEOS_DEPLOYMENT_TARGET = 5.1;
				OTHER_CFLAGS = "-DNS_BLOCK_ASSERTIONS=1";
				SDKROOT = iphoneos;
				VALIDATE_PRODUCT = YES;
			};
			name = Release;
		};
		0EFC6B9415F43F000023E10D /* Debug */ = {
			isa = XCBuildConfiguration;
			buildSettings = {
				GCC_PRECOMPILE_PREFIX_HEADER = YES;
				GCC_PREFIX_HEADER = "Calculator/Calculator-Prefix.pch";
				INFOPLIST_FILE = "Calculator/Calculator-Info.plist";
				IPHONEOS_DEPLOYMENT_TARGET = 5.1;
				PRODUCT_NAME = "$(TARGET_NAME)";
				TARGETED_DEVICE_FAMILY = "1,2";
				WRAPPER_EXTENSION = app;
			};
			name = Debug;
		};
		0EFC6B9515F43F000023E10D /* Release */ = {
			isa = XCBuildConfiguration;
			buildSettings = {
				GCC_PRECOMPILE_PREFIX_HEADER = YES;
				GCC_PREFIX_HEADER = "Calculator/Calculator-Prefix.pch";
				INFOPLIST_FILE = "Calculator/Calculator-Info.plist";
				IPHONEOS_DEPLOYMENT_TARGET = 5.1;
				PRODUCT_NAME = "$(TARGET_NAME)";
				TARGETED_DEVICE_FAMILY = "1,2";
				WRAPPER_EXTENSION = app;
			};
			name = Release;
		};
/* End XCBuildConfiguration section */

/* Begin XCConfigurationList section */
		0EFC6B6F15F43F000023E10D /* Build configuration list for PBXProject "Calculator" */ = {
			isa = XCConfigurationList;
			buildConfigurations = (
				0EFC6B9115F43F000023E10D /* Debug */,
				0EFC6B9215F43F000023E10D /* Release */,
			);
			defaultConfigurationIsVisible = 0;
			defaultConfigurationName = Release;
		};
		0EFC6B9315F43F000023E10D /* Build configuration list for PBXNativeTarget "Calculator" */ = {
			isa = XCConfigurationList;
			buildConfigurations = (
				0EFC6B9415F43F000023E10D /* Debug */,
				0EFC6B9515F43F000023E10D /* Release */,
			);
			defaultConfigurationIsVisible = 0;
			defaultConfigurationName = Release;
		};
/* End XCConfigurationList section */
	};
	rootObject = 0EFC6B6C15F43F000023E10D /* Project object */;
}
